
Microsoft Visual Studio Solution File, Format Version 12.00
# Visual Studio 14
VisualStudioVersion = 14.0.25420.1
MinimumVisualStudioVersion = 10.0.40219.1
Project("{F184B08F-C81C-45F6-A57F-5ABD9991F28F}") = "Hw1", "Hw1\Hw1.vbproj", "{2709DC06-43BA-43C4-AE0C-1BADA2CEC095}"
EndProject
Project("{F184B08F-C81C-45F6-A57F-5ABD9991F28F}") = "Hw2", "Hw2\Hw2.vbproj", "{A515CAFA-8F9A-40B1-BAD7-9B19E23F2EE3}"
EndProject
Global
	GlobalSection(SolutionConfigurationPlatforms) = preSolution
		Debug|Any CPU = Debug|Any CPU
		Release|Any CPU = Release|Any CPU
	EndGlobalSection
	GlobalSection(ProjectConfigurationPlatforms) = postSolution
		{2709DC06-43BA-43C4-AE0C-1BADA2CEC095}.Debug|Any CPU.ActiveCfg = Debug|Any CPU
		{2709DC06-43BA-43C4-AE0C-1BADA2CEC095}.Debug|Any CPU.Build.0 = Debug|Any CPU
		{2709DC06-43BA-43C4-AE0C-1BADA2CEC095}.Release|Any CPU.ActiveCfg = Release|Any CPU
		{2709DC06-43BA-43C4-AE0C-1BADA2CEC095}.Release|Any CPU.Build.0 = Release|Any CPU
		{A515CAFA-8F9A-40B1-BAD7-9B19E23F2EE3}.Debug|Any CPU.ActiveCfg = Debug|Any CPU
		{A515CAFA-8F9A-40B1-BAD7-9B19E23F2EE3}.Debug|Any CPU.Build.0 = Debug|Any CPU
		{A515CAFA-8F9A-40B1-BAD7-9B19E23F2EE3}.Release|Any CPU.ActiveCfg = Release|Any CPU
		{A515CAFA-8F9A-40B1-BAD7-9B19E23F2EE3}.Release|Any CPU.Build.0 = Release|Any CPU
	EndGlobalSection
	GlobalSection(SolutionProperties) = preSolution
		HideSolutionNode = FALSE
	EndGlobalSection
EndGlobal
