
Microsoft Visual Studio Solution File, Format Version 12.00
# Visual Studio 14
VisualStudioVersion = 14.0.25420.1
MinimumVisualStudioVersion = 10.0.40219.1
Project("{F184B08F-C81C-45F6-A57F-5ABD9991F28F}") = "Chapter2-1", "Chapter2-1\Chapter2-1.vbproj", "{B73C2325-C904-4EAC-89F0-FE9A2A9B754D}"
EndProject
Project("{F184B08F-C81C-45F6-A57F-5ABD9991F28F}") = "Chapter2-2", "Chapter2-2\Chapter2-2.vbproj", "{07220B9A-5D9D-4484-A80A-6DE03995F5B8}"
EndProject
Project("{F184B08F-C81C-45F6-A57F-5ABD9991F28F}") = "Chapter2-3", "Chapter2-3\Chapter2-3.vbproj", "{956A1B6D-5FA0-4FAE-B054-3382ABD13DFE}"
EndProject
Project("{F184B08F-C81C-45F6-A57F-5ABD9991F28F}") = "Chapter2-4", "Chapter2-4\Chapter2-4.vbproj", "{3AE8CD02-C4A6-43FF-B8B7-87277771A776}"
EndProject
Project("{F184B08F-C81C-45F6-A57F-5ABD9991F28F}") = "Chapter3-2", "Chapter3-2\Chapter3-2.vbproj", "{A19E7E52-C685-42C0-B4D4-FFFE09D07150}"
EndProject
Project("{F184B08F-C81C-45F6-A57F-5ABD9991F28F}") = "Chapter3-3", "Chapter3-3\Chapter3-3.vbproj", "{A76888D4-9BE5-49AD-9367-32AE4F1B0B52}"
EndProject
Project("{F184B08F-C81C-45F6-A57F-5ABD9991F28F}") = "Chapter3-4", "Chapter3-4\Chapter3-4.vbproj", "{9253CFD9-B5FB-4868-B466-FDA5765E057C}"
EndProject
Project("{F184B08F-C81C-45F6-A57F-5ABD9991F28F}") = "Chapter4-1", "Chapter4-1\Chapter4-1.vbproj", "{2DDDA1F1-6992-4F2E-BC06-06C85EAB3C50}"
EndProject
Project("{F184B08F-C81C-45F6-A57F-5ABD9991F28F}") = "Chapter4-2", "Chapter4-2\Chapter4-2.vbproj", "{18FABE20-FBE9-4B92-9694-BC07DF47E759}"
EndProject
Project("{F184B08F-C81C-45F6-A57F-5ABD9991F28F}") = "Chapter4-3", "Chapter4-3\Chapter4-3.vbproj", "{FD6781D7-3CDF-4DE9-8FAC-2D6252B12B70}"
EndProject
Project("{F184B08F-C81C-45F6-A57F-5ABD9991F28F}") = "Chapter4-4", "Chapter4-4\Chapter4-4.vbproj", "{3B940DA2-AE30-4FF1-9BCD-17BBAD28AA54}"
EndProject
Project("{F184B08F-C81C-45F6-A57F-5ABD9991F28F}") = "Chapter4-5", "Chapter4-5\Chapter4-5.vbproj", "{5D280FB7-6490-4D8D-BE6E-4A79595FCEBE}"
EndProject
Project("{F184B08F-C81C-45F6-A57F-5ABD9991F28F}") = "Chapter6-1", "Chapter6-1\Chapter6-1.vbproj", "{5774322D-A0DD-4FF2-A02A-3B9C60301BEE}"
EndProject
Project("{F184B08F-C81C-45F6-A57F-5ABD9991F28F}") = "Chapter7-1", "Chapter7-1\Chapter7-1.vbproj", "{0D6CE4D8-87D4-4214-9357-3BCE95D3769C}"
EndProject
Project("{F184B08F-C81C-45F6-A57F-5ABD9991F28F}") = "Chapter7-2", "Chapter7-2\Chapter7-2.vbproj", "{EC3DC0CF-540E-4B8E-AAB4-307886D365AE}"
EndProject
Project("{F184B08F-C81C-45F6-A57F-5ABD9991F28F}") = "Chapter7-4", "Chapter7-4\Chapter7-4.vbproj", "{37E77714-87FC-4EF4-A9F3-55523FD4F964}"
EndProject
Project("{F184B08F-C81C-45F6-A57F-5ABD9991F28F}") = "Chapter9-1", "Chapter9-1\Chapter9-1.vbproj", "{E2AF8B39-FC3A-4423-9497-B28A2E14461F}"
EndProject
Project("{F184B08F-C81C-45F6-A57F-5ABD9991F28F}") = "Chapter9-2", "Chapter9-2\Chapter9-2.vbproj", "{01F63794-BFBD-48F2-B214-9EA243DA740E}"
EndProject
Project("{F184B08F-C81C-45F6-A57F-5ABD9991F28F}") = "Chapter9-3", "Chapter9-3\Chapter9-3.vbproj", "{1DF204F4-C604-420E-9B95-3D01FF475AEF}"
EndProject
Project("{F184B08F-C81C-45F6-A57F-5ABD9991F28F}") = "Chapter9-5", "Chapter9-5\Chapter9-5.vbproj", "{3DFAA398-C20A-438B-9164-7AC0A8285537}"
EndProject
Project("{F184B08F-C81C-45F6-A57F-5ABD9991F28F}") = "Chapter10-1", "Chapter10-1\Chapter10-1.vbproj", "{5676D092-353E-4E33-B097-7EBA5A94A5B1}"
EndProject
Project("{F184B08F-C81C-45F6-A57F-5ABD9991F28F}") = "Chapter10-2", "Chapter10-2\Chapter10-2.vbproj", "{4C4223B9-BEED-48FB-B378-169F4A64A0D7}"
EndProject
Project("{F184B08F-C81C-45F6-A57F-5ABD9991F28F}") = "Chapter10-3", "Chapter10-3\Chapter10-3.vbproj", "{61B24B3B-88B3-4709-82A3-D5E2B107CA07}"
EndProject
Project("{F184B08F-C81C-45F6-A57F-5ABD9991F28F}") = "Chapter10-4", "Chapter10-4\Chapter10-4.vbproj", "{2388D157-A823-40DB-B340-C5479EA0E678}"
EndProject
Project("{F184B08F-C81C-45F6-A57F-5ABD9991F28F}") = "Chapter10-5", "Chapter10-5\Chapter10-5.vbproj", "{83D9F780-7A7C-4B6F-AE54-3DFACC0F38CF}"
EndProject
Project("{F184B08F-C81C-45F6-A57F-5ABD9991F28F}") = "Chapter11-1", "Chapter1１-1\Chapter11-1.vbproj", "{360891B5-A9E4-4AD1-9156-0BBEA92A08F3}"
EndProject
Project("{F184B08F-C81C-45F6-A57F-5ABD9991F28F}") = "Chapter11-2", "Chapter11-2\Chapter11-2.vbproj", "{187B5D42-0D04-49B2-8975-AB3349E75935}"
EndProject
Project("{F184B08F-C81C-45F6-A57F-5ABD9991F28F}") = "Chapter11-3", "Chapter11-3\Chapter11-3.vbproj", "{2A7089D9-D495-4705-BFDA-5EDC51B820C5}"
EndProject
Project("{F184B08F-C81C-45F6-A57F-5ABD9991F28F}") = "Chapter11-4", "Chapter11-4\Chapter11-4.vbproj", "{B98BBC5A-DCD9-468F-9AAB-53F4AC28406A}"
EndProject
Global
	GlobalSection(SolutionConfigurationPlatforms) = preSolution
		Debug|Any CPU = Debug|Any CPU
		Release|Any CPU = Release|Any CPU
	EndGlobalSection
	GlobalSection(ProjectConfigurationPlatforms) = postSolution
		{B73C2325-C904-4EAC-89F0-FE9A2A9B754D}.Debug|Any CPU.ActiveCfg = Debug|Any CPU
		{B73C2325-C904-4EAC-89F0-FE9A2A9B754D}.Debug|Any CPU.Build.0 = Debug|Any CPU
		{B73C2325-C904-4EAC-89F0-FE9A2A9B754D}.Release|Any CPU.ActiveCfg = Release|Any CPU
		{B73C2325-C904-4EAC-89F0-FE9A2A9B754D}.Release|Any CPU.Build.0 = Release|Any CPU
		{07220B9A-5D9D-4484-A80A-6DE03995F5B8}.Debug|Any CPU.ActiveCfg = Debug|Any CPU
		{07220B9A-5D9D-4484-A80A-6DE03995F5B8}.Debug|Any CPU.Build.0 = Debug|Any CPU
		{07220B9A-5D9D-4484-A80A-6DE03995F5B8}.Release|Any CPU.ActiveCfg = Release|Any CPU
		{07220B9A-5D9D-4484-A80A-6DE03995F5B8}.Release|Any CPU.Build.0 = Release|Any CPU
		{956A1B6D-5FA0-4FAE-B054-3382ABD13DFE}.Debug|Any CPU.ActiveCfg = Debug|Any CPU
		{956A1B6D-5FA0-4FAE-B054-3382ABD13DFE}.Debug|Any CPU.Build.0 = Debug|Any CPU
		{956A1B6D-5FA0-4FAE-B054-3382ABD13DFE}.Release|Any CPU.ActiveCfg = Release|Any CPU
		{956A1B6D-5FA0-4FAE-B054-3382ABD13DFE}.Release|Any CPU.Build.0 = Release|Any CPU
		{3AE8CD02-C4A6-43FF-B8B7-87277771A776}.Debug|Any CPU.ActiveCfg = Debug|Any CPU
		{3AE8CD02-C4A6-43FF-B8B7-87277771A776}.Debug|Any CPU.Build.0 = Debug|Any CPU
		{3AE8CD02-C4A6-43FF-B8B7-87277771A776}.Release|Any CPU.ActiveCfg = Release|Any CPU
		{3AE8CD02-C4A6-43FF-B8B7-87277771A776}.Release|Any CPU.Build.0 = Release|Any CPU
		{A19E7E52-C685-42C0-B4D4-FFFE09D07150}.Debug|Any CPU.ActiveCfg = Debug|Any CPU
		{A19E7E52-C685-42C0-B4D4-FFFE09D07150}.Debug|Any CPU.Build.0 = Debug|Any CPU
		{A19E7E52-C685-42C0-B4D4-FFFE09D07150}.Release|Any CPU.ActiveCfg = Release|Any CPU
		{A19E7E52-C685-42C0-B4D4-FFFE09D07150}.Release|Any CPU.Build.0 = Release|Any CPU
		{A76888D4-9BE5-49AD-9367-32AE4F1B0B52}.Debug|Any CPU.ActiveCfg = Debug|Any CPU
		{A76888D4-9BE5-49AD-9367-32AE4F1B0B52}.Debug|Any CPU.Build.0 = Debug|Any CPU
		{A76888D4-9BE5-49AD-9367-32AE4F1B0B52}.Release|Any CPU.ActiveCfg = Release|Any CPU
		{A76888D4-9BE5-49AD-9367-32AE4F1B0B52}.Release|Any CPU.Build.0 = Release|Any CPU
		{9253CFD9-B5FB-4868-B466-FDA5765E057C}.Debug|Any CPU.ActiveCfg = Debug|Any CPU
		{9253CFD9-B5FB-4868-B466-FDA5765E057C}.Debug|Any CPU.Build.0 = Debug|Any CPU
		{9253CFD9-B5FB-4868-B466-FDA5765E057C}.Release|Any CPU.ActiveCfg = Release|Any CPU
		{9253CFD9-B5FB-4868-B466-FDA5765E057C}.Release|Any CPU.Build.0 = Release|Any CPU
		{2DDDA1F1-6992-4F2E-BC06-06C85EAB3C50}.Debug|Any CPU.ActiveCfg = Debug|Any CPU
		{2DDDA1F1-6992-4F2E-BC06-06C85EAB3C50}.Debug|Any CPU.Build.0 = Debug|Any CPU
		{2DDDA1F1-6992-4F2E-BC06-06C85EAB3C50}.Release|Any CPU.ActiveCfg = Release|Any CPU
		{2DDDA1F1-6992-4F2E-BC06-06C85EAB3C50}.Release|Any CPU.Build.0 = Release|Any CPU
		{18FABE20-FBE9-4B92-9694-BC07DF47E759}.Debug|Any CPU.ActiveCfg = Debug|Any CPU
		{18FABE20-FBE9-4B92-9694-BC07DF47E759}.Debug|Any CPU.Build.0 = Debug|Any CPU
		{18FABE20-FBE9-4B92-9694-BC07DF47E759}.Release|Any CPU.ActiveCfg = Release|Any CPU
		{18FABE20-FBE9-4B92-9694-BC07DF47E759}.Release|Any CPU.Build.0 = Release|Any CPU
		{FD6781D7-3CDF-4DE9-8FAC-2D6252B12B70}.Debug|Any CPU.ActiveCfg = Debug|Any CPU
		{FD6781D7-3CDF-4DE9-8FAC-2D6252B12B70}.Debug|Any CPU.Build.0 = Debug|Any CPU
		{FD6781D7-3CDF-4DE9-8FAC-2D6252B12B70}.Release|Any CPU.ActiveCfg = Release|Any CPU
		{FD6781D7-3CDF-4DE9-8FAC-2D6252B12B70}.Release|Any CPU.Build.0 = Release|Any CPU
		{3B940DA2-AE30-4FF1-9BCD-17BBAD28AA54}.Debug|Any CPU.ActiveCfg = Debug|Any CPU
		{3B940DA2-AE30-4FF1-9BCD-17BBAD28AA54}.Debug|Any CPU.Build.0 = Debug|Any CPU
		{3B940DA2-AE30-4FF1-9BCD-17BBAD28AA54}.Release|Any CPU.ActiveCfg = Release|Any CPU
		{3B940DA2-AE30-4FF1-9BCD-17BBAD28AA54}.Release|Any CPU.Build.0 = Release|Any CPU
		{5D280FB7-6490-4D8D-BE6E-4A79595FCEBE}.Debug|Any CPU.ActiveCfg = Debug|Any CPU
		{5D280FB7-6490-4D8D-BE6E-4A79595FCEBE}.Debug|Any CPU.Build.0 = Debug|Any CPU
		{5D280FB7-6490-4D8D-BE6E-4A79595FCEBE}.Release|Any CPU.ActiveCfg = Release|Any CPU
		{5D280FB7-6490-4D8D-BE6E-4A79595FCEBE}.Release|Any CPU.Build.0 = Release|Any CPU
		{5774322D-A0DD-4FF2-A02A-3B9C60301BEE}.Debug|Any CPU.ActiveCfg = Debug|Any CPU
		{5774322D-A0DD-4FF2-A02A-3B9C60301BEE}.Debug|Any CPU.Build.0 = Debug|Any CPU
		{5774322D-A0DD-4FF2-A02A-3B9C60301BEE}.Release|Any CPU.ActiveCfg = Release|Any CPU
		{5774322D-A0DD-4FF2-A02A-3B9C60301BEE}.Release|Any CPU.Build.0 = Release|Any CPU
		{0D6CE4D8-87D4-4214-9357-3BCE95D3769C}.Debug|Any CPU.ActiveCfg = Debug|Any CPU
		{0D6CE4D8-87D4-4214-9357-3BCE95D3769C}.Debug|Any CPU.Build.0 = Debug|Any CPU
		{0D6CE4D8-87D4-4214-9357-3BCE95D3769C}.Release|Any CPU.ActiveCfg = Release|Any CPU
		{0D6CE4D8-87D4-4214-9357-3BCE95D3769C}.Release|Any CPU.Build.0 = Release|Any CPU
		{EC3DC0CF-540E-4B8E-AAB4-307886D365AE}.Debug|Any CPU.ActiveCfg = Debug|Any CPU
		{EC3DC0CF-540E-4B8E-AAB4-307886D365AE}.Debug|Any CPU.Build.0 = Debug|Any CPU
		{EC3DC0CF-540E-4B8E-AAB4-307886D365AE}.Release|Any CPU.ActiveCfg = Release|Any CPU
		{EC3DC0CF-540E-4B8E-AAB4-307886D365AE}.Release|Any CPU.Build.0 = Release|Any CPU
		{37E77714-87FC-4EF4-A9F3-55523FD4F964}.Debug|Any CPU.ActiveCfg = Debug|Any CPU
		{37E77714-87FC-4EF4-A9F3-55523FD4F964}.Debug|Any CPU.Build.0 = Debug|Any CPU
		{37E77714-87FC-4EF4-A9F3-55523FD4F964}.Release|Any CPU.ActiveCfg = Release|Any CPU
		{37E77714-87FC-4EF4-A9F3-55523FD4F964}.Release|Any CPU.Build.0 = Release|Any CPU
		{E2AF8B39-FC3A-4423-9497-B28A2E14461F}.Debug|Any CPU.ActiveCfg = Debug|Any CPU
		{E2AF8B39-FC3A-4423-9497-B28A2E14461F}.Debug|Any CPU.Build.0 = Debug|Any CPU
		{E2AF8B39-FC3A-4423-9497-B28A2E14461F}.Release|Any CPU.ActiveCfg = Release|Any CPU
		{E2AF8B39-FC3A-4423-9497-B28A2E14461F}.Release|Any CPU.Build.0 = Release|Any CPU
		{01F63794-BFBD-48F2-B214-9EA243DA740E}.Debug|Any CPU.ActiveCfg = Debug|Any CPU
		{01F63794-BFBD-48F2-B214-9EA243DA740E}.Debug|Any CPU.Build.0 = Debug|Any CPU
		{01F63794-BFBD-48F2-B214-9EA243DA740E}.Release|Any CPU.ActiveCfg = Release|Any CPU
		{01F63794-BFBD-48F2-B214-9EA243DA740E}.Release|Any CPU.Build.0 = Release|Any CPU
		{1DF204F4-C604-420E-9B95-3D01FF475AEF}.Debug|Any CPU.ActiveCfg = Debug|Any CPU
		{1DF204F4-C604-420E-9B95-3D01FF475AEF}.Debug|Any CPU.Build.0 = Debug|Any CPU
		{1DF204F4-C604-420E-9B95-3D01FF475AEF}.Release|Any CPU.ActiveCfg = Release|Any CPU
		{1DF204F4-C604-420E-9B95-3D01FF475AEF}.Release|Any CPU.Build.0 = Release|Any CPU
		{3DFAA398-C20A-438B-9164-7AC0A8285537}.Debug|Any CPU.ActiveCfg = Debug|Any CPU
		{3DFAA398-C20A-438B-9164-7AC0A8285537}.Debug|Any CPU.Build.0 = Debug|Any CPU
		{3DFAA398-C20A-438B-9164-7AC0A8285537}.Release|Any CPU.ActiveCfg = Release|Any CPU
		{3DFAA398-C20A-438B-9164-7AC0A8285537}.Release|Any CPU.Build.0 = Release|Any CPU
		{5676D092-353E-4E33-B097-7EBA5A94A5B1}.Debug|Any CPU.ActiveCfg = Debug|Any CPU
		{5676D092-353E-4E33-B097-7EBA5A94A5B1}.Debug|Any CPU.Build.0 = Debug|Any CPU
		{5676D092-353E-4E33-B097-7EBA5A94A5B1}.Release|Any CPU.ActiveCfg = Release|Any CPU
		{5676D092-353E-4E33-B097-7EBA5A94A5B1}.Release|Any CPU.Build.0 = Release|Any CPU
		{4C4223B9-BEED-48FB-B378-169F4A64A0D7}.Debug|Any CPU.ActiveCfg = Debug|Any CPU
		{4C4223B9-BEED-48FB-B378-169F4A64A0D7}.Debug|Any CPU.Build.0 = Debug|Any CPU
		{4C4223B9-BEED-48FB-B378-169F4A64A0D7}.Release|Any CPU.ActiveCfg = Release|Any CPU
		{4C4223B9-BEED-48FB-B378-169F4A64A0D7}.Release|Any CPU.Build.0 = Release|Any CPU
		{61B24B3B-88B3-4709-82A3-D5E2B107CA07}.Debug|Any CPU.ActiveCfg = Debug|Any CPU
		{61B24B3B-88B3-4709-82A3-D5E2B107CA07}.Debug|Any CPU.Build.0 = Debug|Any CPU
		{61B24B3B-88B3-4709-82A3-D5E2B107CA07}.Release|Any CPU.ActiveCfg = Release|Any CPU
		{61B24B3B-88B3-4709-82A3-D5E2B107CA07}.Release|Any CPU.Build.0 = Release|Any CPU
		{2388D157-A823-40DB-B340-C5479EA0E678}.Debug|Any CPU.ActiveCfg = Debug|Any CPU
		{2388D157-A823-40DB-B340-C5479EA0E678}.Debug|Any CPU.Build.0 = Debug|Any CPU
		{2388D157-A823-40DB-B340-C5479EA0E678}.Release|Any CPU.ActiveCfg = Release|Any CPU
		{2388D157-A823-40DB-B340-C5479EA0E678}.Release|Any CPU.Build.0 = Release|Any CPU
		{83D9F780-7A7C-4B6F-AE54-3DFACC0F38CF}.Debug|Any CPU.ActiveCfg = Debug|Any CPU
		{83D9F780-7A7C-4B6F-AE54-3DFACC0F38CF}.Debug|Any CPU.Build.0 = Debug|Any CPU
		{83D9F780-7A7C-4B6F-AE54-3DFACC0F38CF}.Release|Any CPU.ActiveCfg = Release|Any CPU
		{83D9F780-7A7C-4B6F-AE54-3DFACC0F38CF}.Release|Any CPU.Build.0 = Release|Any CPU
		{360891B5-A9E4-4AD1-9156-0BBEA92A08F3}.Debug|Any CPU.ActiveCfg = Debug|Any CPU
		{360891B5-A9E4-4AD1-9156-0BBEA92A08F3}.Debug|Any CPU.Build.0 = Debug|Any CPU
		{360891B5-A9E4-4AD1-9156-0BBEA92A08F3}.Release|Any CPU.ActiveCfg = Release|Any CPU
		{360891B5-A9E4-4AD1-9156-0BBEA92A08F3}.Release|Any CPU.Build.0 = Release|Any CPU
		{187B5D42-0D04-49B2-8975-AB3349E75935}.Debug|Any CPU.ActiveCfg = Debug|Any CPU
		{187B5D42-0D04-49B2-8975-AB3349E75935}.Debug|Any CPU.Build.0 = Debug|Any CPU
		{187B5D42-0D04-49B2-8975-AB3349E75935}.Release|Any CPU.ActiveCfg = Release|Any CPU
		{187B5D42-0D04-49B2-8975-AB3349E75935}.Release|Any CPU.Build.0 = Release|Any CPU
		{2A7089D9-D495-4705-BFDA-5EDC51B820C5}.Debug|Any CPU.ActiveCfg = Debug|Any CPU
		{2A7089D9-D495-4705-BFDA-5EDC51B820C5}.Debug|Any CPU.Build.0 = Debug|Any CPU
		{2A7089D9-D495-4705-BFDA-5EDC51B820C5}.Release|Any CPU.ActiveCfg = Release|Any CPU
		{2A7089D9-D495-4705-BFDA-5EDC51B820C5}.Release|Any CPU.Build.0 = Release|Any CPU
		{B98BBC5A-DCD9-468F-9AAB-53F4AC28406A}.Debug|Any CPU.ActiveCfg = Debug|Any CPU
		{B98BBC5A-DCD9-468F-9AAB-53F4AC28406A}.Debug|Any CPU.Build.0 = Debug|Any CPU
		{B98BBC5A-DCD9-468F-9AAB-53F4AC28406A}.Release|Any CPU.ActiveCfg = Release|Any CPU
		{B98BBC5A-DCD9-468F-9AAB-53F4AC28406A}.Release|Any CPU.Build.0 = Release|Any CPU
	EndGlobalSection
	GlobalSection(SolutionProperties) = preSolution
		HideSolutionNode = FALSE
	EndGlobalSection
EndGlobal
