
Microsoft Visual Studio Solution File, Format Version 12.00
# Visual Studio 14
VisualStudioVersion = 14.0.25420.1
MinimumVisualStudioVersion = 10.0.40219.1
Project("{F184B08F-C81C-45F6-A57F-5ABD9991F28F}") = "Chapter2-1", "Chapter2-1\Chapter2-1.vbproj", "{B73C2325-C904-4EAC-89F0-FE9A2A9B754D}"
EndProject
Project("{F184B08F-C81C-45F6-A57F-5ABD9991F28F}") = "Chapter2-2", "Chapter2-2\Chapter2-2.vbproj", "{07220B9A-5D9D-4484-A80A-6DE03995F5B8}"
EndProject
Project("{F184B08F-C81C-45F6-A57F-5ABD9991F28F}") = "Chapter2-3", "Chapter2-3\Chapter2-3.vbproj", "{956A1B6D-5FA0-4FAE-B054-3382ABD13DFE}"
EndProject
Project("{F184B08F-C81C-45F6-A57F-5ABD9991F28F}") = "Chapter2-4", "Chapter2-4\Chapter2-4.vbproj", "{3AE8CD02-C4A6-43FF-B8B7-87277771A776}"
EndProject
Project("{F184B08F-C81C-45F6-A57F-5ABD9991F28F}") = "Chapter3-2", "Chapter3-2\Chapter3-2.vbproj", "{A19E7E52-C685-42C0-B4D4-FFFE09D07150}"
EndProject
Project("{F184B08F-C81C-45F6-A57F-5ABD9991F28F}") = "Chapter3-3", "Chapter3-3\Chapter3-3.vbproj", "{A76888D4-9BE5-49AD-9367-32AE4F1B0B52}"
EndProject
Project("{F184B08F-C81C-45F6-A57F-5ABD9991F28F}") = "Chapter3-4", "Chapter3-4\Chapter3-4.vbproj", "{9253CFD9-B5FB-4868-B466-FDA5765E057C}"
EndProject
Project("{F184B08F-C81C-45F6-A57F-5ABD9991F28F}") = "Chapter4-1", "Chapter4-1\Chapter4-1.vbproj", "{2DDDA1F1-6992-4F2E-BC06-06C85EAB3C50}"
EndProject
Project("{F184B08F-C81C-45F6-A57F-5ABD9991F28F}") = "Chapter4-2", "Chapter4-2\Chapter4-2.vbproj", "{18FABE20-FBE9-4B92-9694-BC07DF47E759}"
EndProject
Project("{F184B08F-C81C-45F6-A57F-5ABD9991F28F}") = "Chapter4-3", "Chapter4-3\Chapter4-3.vbproj", "{FD6781D7-3CDF-4DE9-8FAC-2D6252B12B70}"
EndProject
Project("{F184B08F-C81C-45F6-A57F-5ABD9991F28F}") = "Chapter4-4", "Chapter4-4\Chapter4-4.vbproj", "{3B940DA2-AE30-4FF1-9BCD-17BBAD28AA54}"
EndProject
Project("{F184B08F-C81C-45F6-A57F-5ABD9991F28F}") = "Chapter4-5", "Chapter4-5\Chapter4-5.vbproj", "{5D280FB7-6490-4D8D-BE6E-4A79595FCEBE}"
EndProject
Project("{F184B08F-C81C-45F6-A57F-5ABD9991F28F}") = "Chapter6-1", "Chapter6-1\Chapter6-1.vbproj", "{5774322D-A0DD-4FF2-A02A-3B9C60301BEE}"
EndProject
Project("{F184B08F-C81C-45F6-A57F-5ABD9991F28F}") = "Chapter7-1", "Chapter7-1\Chapter7-1.vbproj", "{0D6CE4D8-87D4-4214-9357-3BCE95D3769C}"
EndProject
Project("{F184B08F-C81C-45F6-A57F-5ABD9991F28F}") = "Chapter7-2", "Chapter7-2\Chapter7-2.vbproj", "{EC3DC0CF-540E-4B8E-AAB4-307886D365AE}"
EndProject
Project("{F184B08F-C81C-45F6-A57F-5ABD9991F28F}") = "Chapter7-4", "Chapter7-4\Chapter7-4.vbproj", "{37E77714-87FC-4EF4-A9F3-55523FD4F964}"
EndProject
Project("{F184B08F-C81C-45F6-A57F-5ABD9991F28F}") = "Chapter9-1", "Chapter9-1\Chapter9-1.vbproj", "{E2AF8B39-FC3A-4423-9497-B28A2E14461F}"
EndProject
Project("{F184B08F-C81C-45F6-A57F-5ABD9991F28F}") = "Chapter9-2", "Chapter9-2\Chapter9-2.vbproj", "{01F63794-BFBD-48F2-B214-9EA243DA740E}"
EndProject
Project("{F184B08F-C81C-45F6-A57F-5ABD9991F28F}") = "Chapter9-3", "Chapter9-3\Chapter9-3.vbproj", "{1DF204F4-C604-420E-9B95-3D01FF475AEF}"
EndProject
Project("{F184B08F-C81C-45F6-A57F-5ABD9991F28F}") = "Chapter9-5", "Chapter9-5\Chapter9-5.vbproj", "{3DFAA398-C20A-438B-9164-7AC0A8285537}"
EndProject
Project("{F184B08F-C81C-45F6-A57F-5ABD9991F28F}") = "Chapter10-1", "Chapter10-1\Chapter10-1.vbproj", "{5676D092-353E-4E33-B097-7EBA5A94A5B1}"
EndProject
Project("{F184B08F-C81C-45F6-A57F-5ABD9991F28F}") = "Chapter10-2", "Chapter10-2\Chapter10-2.vbproj", "{4C4223B9-BEED-48FB-B378-169F4A64A0D7}"
EndProject
Project("{F184B08F-C81C-45F6-A57F-5ABD9991F28F}") = "Chapter10-3", "Chapter10-3\Chapter10-3.vbproj", "{61B24B3B-88B3-4709-82A3-D5E2B107CA07}"
EndProject
Project("{F184B08F-C81C-45F6-A57F-5ABD9991F28F}") = "Chapter10-4", "Chapter10-4\Chapter10-4.vbproj", "{2388D157-A823-40DB-B340-C5479EA0E678}"
EndProject
Project("{F184B08F-C81C-45F6-A57F-5ABD9991F28F}") = "Chapter10-5", "Chapter10-5\Chapter10-5.vbproj", "{83D9F780-7A7C-4B6F-AE54-3DFACC0F38CF}"
EndProject
Project("{F184B08F-C81C-45F6-A57F-5ABD9991F28F}") = "Chapter11-1", "Chapter1１-1\Chapter11-1.vbproj", "{360891B5-A9E4-4AD1-9156-0BBEA92A08F3}"
EndProject
Project("{F184B08F-C81C-45F6-A57F-5ABD9991F28F}") = "Chapter11-2", "Chapter11-2\Chapter11-2.vbproj", "{187B5D42-0D04-49B2-8975-AB3349E75935}"
EndProject
Project("{F184B08F-C81C-45F6-A57F-5ABD9991F28F}") = "Chapter11-3", "Chapter11-3\Chapter11-3.vbproj", "{2A7089D9-D495-4705-BFDA-5EDC51B820C5}"
EndProject
Project("{F184B08F-C81C-45F6-A57F-5ABD9991F28F}") = "Chapter11-4", "Chapter11-4\Chapter11-4.vbproj", "{B98BBC5A-DCD9-468F-9AAB-53F4AC28406A}"
EndProject
Project("{F184B08F-C81C-45F6-A57F-5ABD9991F28F}") = "Chapter11-5", "Chapter11-5\Chapter11-5.vbproj", "{EBA5A863-9438-4D87-927C-97942EED909F}"
EndProject
Project("{F184B08F-C81C-45F6-A57F-5ABD9991F28F}") = "Chapter12-1", "Chapter12-1\Chapter12-1.vbproj", "{51714ED9-0A0C-4C59-96C2-B916DEE79B22}"
EndProject
Project("{F184B08F-C81C-45F6-A57F-5ABD9991F28F}") = "Chapter12-3", "Chapter12-2\Chapter12-3.vbproj", "{EA6CC1AF-831F-4E9F-AF2E-45D77FF95EF0}"
EndProject
Project("{F184B08F-C81C-45F6-A57F-5ABD9991F28F}") = "Chapter12-4", "Chapter12-4\Chapter12-4.vbproj", "{09B1DF43-6A6A-4432-B161-C3069E9AA2A4}"
EndProject
Project("{F184B08F-C81C-45F6-A57F-5ABD9991F28F}") = "Chapter13-1", "Chapter13-1\Chapter13-1.vbproj", "{6D66BE27-9E07-463E-AE03-F9E90C3856C6}"
EndProject
Project("{F184B08F-C81C-45F6-A57F-5ABD9991F28F}") = "Chapter13-2", "Chapter13-2\Chapter13-2.vbproj", "{EC3B8682-249B-4005-8780-F023561968ED}"
EndProject
Project("{F184B08F-C81C-45F6-A57F-5ABD9991F28F}") = "Chapter13-3", "Chapter13-3\Chapter13-3.vbproj", "{A9A07B67-2DA6-4B7A-ABD1-58791754C5DC}"
EndProject
Project("{F184B08F-C81C-45F6-A57F-5ABD9991F28F}") = "Chapter14-1", "Chapter14-1\Chapter14-1.vbproj", "{5FDF09EC-8C26-4C5A-8CE9-5FE58891FA08}"
EndProject
Project("{F184B08F-C81C-45F6-A57F-5ABD9991F28F}") = "Chapter14-2", "Chapter14-2\Chapter14-2.vbproj", "{A6AF0D01-1119-4DAF-A79E-BED76D72C176}"
EndProject
Project("{F184B08F-C81C-45F6-A57F-5ABD9991F28F}") = "Chapter14-3", "Chapter14-3\Chapter14-3.vbproj", "{7AECC88C-8898-4DD2-912D-65CFB9159149}"
EndProject
Project("{F184B08F-C81C-45F6-A57F-5ABD9991F28F}") = "Chapter14-4", "Chapter14-4\Chapter14-4.vbproj", "{316624E0-4F4C-4643-BC3F-93617DDD2E11}"
EndProject
Project("{F184B08F-C81C-45F6-A57F-5ABD9991F28F}") = "Chapter15-1", "Chapter15-1\Chapter15-1.vbproj", "{62B5DF35-2850-4F32-9F65-275269212F3F}"
EndProject
Project("{F184B08F-C81C-45F6-A57F-5ABD9991F28F}") = "Chapter15-2", "Chapter15-2\Chapter15-2.vbproj", "{A9F15D3F-F7DE-4D5D-92BA-6FF1750A9D6F}"
EndProject
Project("{F184B08F-C81C-45F6-A57F-5ABD9991F28F}") = "Chapter15-3", "Chapter15-3\Chapter15-3.vbproj", "{BEA70D87-4FA5-44B0-AE2E-DACA9F64D976}"
EndProject
Project("{F184B08F-C81C-45F6-A57F-5ABD9991F28F}") = "Chapter16-1 (cannot finish)", "Chapter16-1\Chapter16-1 (cannot finish).vbproj", "{978F333B-0FCB-4B61-99AD-DB030A52DF30}"
EndProject
Project("{F184B08F-C81C-45F6-A57F-5ABD9991F28F}") = "Chapter16-2", "Chapter16-2\Chapter16-2.vbproj", "{2F5C3B02-D18F-4E64-BAA7-BE86C44126AE}"
EndProject
Project("{F184B08F-C81C-45F6-A57F-5ABD9991F28F}") = "Chapter17-1", "Chapter17-1\Chapter17-1.vbproj", "{C8B71796-36A1-4514-99A2-EA684186774B}"
EndProject
Global
	GlobalSection(SolutionConfigurationPlatforms) = preSolution
		Debug|Any CPU = Debug|Any CPU
		Debug|x86 = Debug|x86
		Release|Any CPU = Release|Any CPU
		Release|x86 = Release|x86
	EndGlobalSection
	GlobalSection(ProjectConfigurationPlatforms) = postSolution
		{B73C2325-C904-4EAC-89F0-FE9A2A9B754D}.Debug|Any CPU.ActiveCfg = Debug|Any CPU
		{B73C2325-C904-4EAC-89F0-FE9A2A9B754D}.Debug|Any CPU.Build.0 = Debug|Any CPU
		{B73C2325-C904-4EAC-89F0-FE9A2A9B754D}.Debug|x86.ActiveCfg = Debug|Any CPU
		{B73C2325-C904-4EAC-89F0-FE9A2A9B754D}.Release|Any CPU.ActiveCfg = Release|Any CPU
		{B73C2325-C904-4EAC-89F0-FE9A2A9B754D}.Release|Any CPU.Build.0 = Release|Any CPU
		{B73C2325-C904-4EAC-89F0-FE9A2A9B754D}.Release|x86.ActiveCfg = Release|Any CPU
		{07220B9A-5D9D-4484-A80A-6DE03995F5B8}.Debug|Any CPU.ActiveCfg = Debug|Any CPU
		{07220B9A-5D9D-4484-A80A-6DE03995F5B8}.Debug|Any CPU.Build.0 = Debug|Any CPU
		{07220B9A-5D9D-4484-A80A-6DE03995F5B8}.Debug|x86.ActiveCfg = Debug|Any CPU
		{07220B9A-5D9D-4484-A80A-6DE03995F5B8}.Release|Any CPU.ActiveCfg = Release|Any CPU
		{07220B9A-5D9D-4484-A80A-6DE03995F5B8}.Release|Any CPU.Build.0 = Release|Any CPU
		{07220B9A-5D9D-4484-A80A-6DE03995F5B8}.Release|x86.ActiveCfg = Release|Any CPU
		{956A1B6D-5FA0-4FAE-B054-3382ABD13DFE}.Debug|Any CPU.ActiveCfg = Debug|Any CPU
		{956A1B6D-5FA0-4FAE-B054-3382ABD13DFE}.Debug|Any CPU.Build.0 = Debug|Any CPU
		{956A1B6D-5FA0-4FAE-B054-3382ABD13DFE}.Debug|x86.ActiveCfg = Debug|Any CPU
		{956A1B6D-5FA0-4FAE-B054-3382ABD13DFE}.Release|Any CPU.ActiveCfg = Release|Any CPU
		{956A1B6D-5FA0-4FAE-B054-3382ABD13DFE}.Release|Any CPU.Build.0 = Release|Any CPU
		{956A1B6D-5FA0-4FAE-B054-3382ABD13DFE}.Release|x86.ActiveCfg = Release|Any CPU
		{3AE8CD02-C4A6-43FF-B8B7-87277771A776}.Debug|Any CPU.ActiveCfg = Debug|Any CPU
		{3AE8CD02-C4A6-43FF-B8B7-87277771A776}.Debug|Any CPU.Build.0 = Debug|Any CPU
		{3AE8CD02-C4A6-43FF-B8B7-87277771A776}.Debug|x86.ActiveCfg = Debug|Any CPU
		{3AE8CD02-C4A6-43FF-B8B7-87277771A776}.Release|Any CPU.ActiveCfg = Release|Any CPU
		{3AE8CD02-C4A6-43FF-B8B7-87277771A776}.Release|Any CPU.Build.0 = Release|Any CPU
		{3AE8CD02-C4A6-43FF-B8B7-87277771A776}.Release|x86.ActiveCfg = Release|Any CPU
		{A19E7E52-C685-42C0-B4D4-FFFE09D07150}.Debug|Any CPU.ActiveCfg = Debug|Any CPU
		{A19E7E52-C685-42C0-B4D4-FFFE09D07150}.Debug|Any CPU.Build.0 = Debug|Any CPU
		{A19E7E52-C685-42C0-B4D4-FFFE09D07150}.Debug|x86.ActiveCfg = Debug|Any CPU
		{A19E7E52-C685-42C0-B4D4-FFFE09D07150}.Release|Any CPU.ActiveCfg = Release|Any CPU
		{A19E7E52-C685-42C0-B4D4-FFFE09D07150}.Release|Any CPU.Build.0 = Release|Any CPU
		{A19E7E52-C685-42C0-B4D4-FFFE09D07150}.Release|x86.ActiveCfg = Release|Any CPU
		{A76888D4-9BE5-49AD-9367-32AE4F1B0B52}.Debug|Any CPU.ActiveCfg = Debug|Any CPU
		{A76888D4-9BE5-49AD-9367-32AE4F1B0B52}.Debug|Any CPU.Build.0 = Debug|Any CPU
		{A76888D4-9BE5-49AD-9367-32AE4F1B0B52}.Debug|x86.ActiveCfg = Debug|Any CPU
		{A76888D4-9BE5-49AD-9367-32AE4F1B0B52}.Release|Any CPU.ActiveCfg = Release|Any CPU
		{A76888D4-9BE5-49AD-9367-32AE4F1B0B52}.Release|Any CPU.Build.0 = Release|Any CPU
		{A76888D4-9BE5-49AD-9367-32AE4F1B0B52}.Release|x86.ActiveCfg = Release|Any CPU
		{9253CFD9-B5FB-4868-B466-FDA5765E057C}.Debug|Any CPU.ActiveCfg = Debug|Any CPU
		{9253CFD9-B5FB-4868-B466-FDA5765E057C}.Debug|Any CPU.Build.0 = Debug|Any CPU
		{9253CFD9-B5FB-4868-B466-FDA5765E057C}.Debug|x86.ActiveCfg = Debug|Any CPU
		{9253CFD9-B5FB-4868-B466-FDA5765E057C}.Release|Any CPU.ActiveCfg = Release|Any CPU
		{9253CFD9-B5FB-4868-B466-FDA5765E057C}.Release|Any CPU.Build.0 = Release|Any CPU
		{9253CFD9-B5FB-4868-B466-FDA5765E057C}.Release|x86.ActiveCfg = Release|Any CPU
		{2DDDA1F1-6992-4F2E-BC06-06C85EAB3C50}.Debug|Any CPU.ActiveCfg = Debug|Any CPU
		{2DDDA1F1-6992-4F2E-BC06-06C85EAB3C50}.Debug|Any CPU.Build.0 = Debug|Any CPU
		{2DDDA1F1-6992-4F2E-BC06-06C85EAB3C50}.Debug|x86.ActiveCfg = Debug|Any CPU
		{2DDDA1F1-6992-4F2E-BC06-06C85EAB3C50}.Release|Any CPU.ActiveCfg = Release|Any CPU
		{2DDDA1F1-6992-4F2E-BC06-06C85EAB3C50}.Release|Any CPU.Build.0 = Release|Any CPU
		{2DDDA1F1-6992-4F2E-BC06-06C85EAB3C50}.Release|x86.ActiveCfg = Release|Any CPU
		{18FABE20-FBE9-4B92-9694-BC07DF47E759}.Debug|Any CPU.ActiveCfg = Debug|Any CPU
		{18FABE20-FBE9-4B92-9694-BC07DF47E759}.Debug|Any CPU.Build.0 = Debug|Any CPU
		{18FABE20-FBE9-4B92-9694-BC07DF47E759}.Debug|x86.ActiveCfg = Debug|Any CPU
		{18FABE20-FBE9-4B92-9694-BC07DF47E759}.Release|Any CPU.ActiveCfg = Release|Any CPU
		{18FABE20-FBE9-4B92-9694-BC07DF47E759}.Release|Any CPU.Build.0 = Release|Any CPU
		{18FABE20-FBE9-4B92-9694-BC07DF47E759}.Release|x86.ActiveCfg = Release|Any CPU
		{FD6781D7-3CDF-4DE9-8FAC-2D6252B12B70}.Debug|Any CPU.ActiveCfg = Debug|Any CPU
		{FD6781D7-3CDF-4DE9-8FAC-2D6252B12B70}.Debug|Any CPU.Build.0 = Debug|Any CPU
		{FD6781D7-3CDF-4DE9-8FAC-2D6252B12B70}.Debug|x86.ActiveCfg = Debug|Any CPU
		{FD6781D7-3CDF-4DE9-8FAC-2D6252B12B70}.Release|Any CPU.ActiveCfg = Release|Any CPU
		{FD6781D7-3CDF-4DE9-8FAC-2D6252B12B70}.Release|Any CPU.Build.0 = Release|Any CPU
		{FD6781D7-3CDF-4DE9-8FAC-2D6252B12B70}.Release|x86.ActiveCfg = Release|Any CPU
		{3B940DA2-AE30-4FF1-9BCD-17BBAD28AA54}.Debug|Any CPU.ActiveCfg = Debug|Any CPU
		{3B940DA2-AE30-4FF1-9BCD-17BBAD28AA54}.Debug|Any CPU.Build.0 = Debug|Any CPU
		{3B940DA2-AE30-4FF1-9BCD-17BBAD28AA54}.Debug|x86.ActiveCfg = Debug|Any CPU
		{3B940DA2-AE30-4FF1-9BCD-17BBAD28AA54}.Release|Any CPU.ActiveCfg = Release|Any CPU
		{3B940DA2-AE30-4FF1-9BCD-17BBAD28AA54}.Release|Any CPU.Build.0 = Release|Any CPU
		{3B940DA2-AE30-4FF1-9BCD-17BBAD28AA54}.Release|x86.ActiveCfg = Release|Any CPU
		{5D280FB7-6490-4D8D-BE6E-4A79595FCEBE}.Debug|Any CPU.ActiveCfg = Debug|Any CPU
		{5D280FB7-6490-4D8D-BE6E-4A79595FCEBE}.Debug|Any CPU.Build.0 = Debug|Any CPU
		{5D280FB7-6490-4D8D-BE6E-4A79595FCEBE}.Debug|x86.ActiveCfg = Debug|Any CPU
		{5D280FB7-6490-4D8D-BE6E-4A79595FCEBE}.Release|Any CPU.ActiveCfg = Release|Any CPU
		{5D280FB7-6490-4D8D-BE6E-4A79595FCEBE}.Release|Any CPU.Build.0 = Release|Any CPU
		{5D280FB7-6490-4D8D-BE6E-4A79595FCEBE}.Release|x86.ActiveCfg = Release|Any CPU
		{5774322D-A0DD-4FF2-A02A-3B9C60301BEE}.Debug|Any CPU.ActiveCfg = Debug|Any CPU
		{5774322D-A0DD-4FF2-A02A-3B9C60301BEE}.Debug|Any CPU.Build.0 = Debug|Any CPU
		{5774322D-A0DD-4FF2-A02A-3B9C60301BEE}.Debug|x86.ActiveCfg = Debug|Any CPU
		{5774322D-A0DD-4FF2-A02A-3B9C60301BEE}.Release|Any CPU.ActiveCfg = Release|Any CPU
		{5774322D-A0DD-4FF2-A02A-3B9C60301BEE}.Release|Any CPU.Build.0 = Release|Any CPU
		{5774322D-A0DD-4FF2-A02A-3B9C60301BEE}.Release|x86.ActiveCfg = Release|Any CPU
		{0D6CE4D8-87D4-4214-9357-3BCE95D3769C}.Debug|Any CPU.ActiveCfg = Debug|Any CPU
		{0D6CE4D8-87D4-4214-9357-3BCE95D3769C}.Debug|Any CPU.Build.0 = Debug|Any CPU
		{0D6CE4D8-87D4-4214-9357-3BCE95D3769C}.Debug|x86.ActiveCfg = Debug|Any CPU
		{0D6CE4D8-87D4-4214-9357-3BCE95D3769C}.Release|Any CPU.ActiveCfg = Release|Any CPU
		{0D6CE4D8-87D4-4214-9357-3BCE95D3769C}.Release|Any CPU.Build.0 = Release|Any CPU
		{0D6CE4D8-87D4-4214-9357-3BCE95D3769C}.Release|x86.ActiveCfg = Release|Any CPU
		{EC3DC0CF-540E-4B8E-AAB4-307886D365AE}.Debug|Any CPU.ActiveCfg = Debug|Any CPU
		{EC3DC0CF-540E-4B8E-AAB4-307886D365AE}.Debug|Any CPU.Build.0 = Debug|Any CPU
		{EC3DC0CF-540E-4B8E-AAB4-307886D365AE}.Debug|x86.ActiveCfg = Debug|Any CPU
		{EC3DC0CF-540E-4B8E-AAB4-307886D365AE}.Release|Any CPU.ActiveCfg = Release|Any CPU
		{EC3DC0CF-540E-4B8E-AAB4-307886D365AE}.Release|Any CPU.Build.0 = Release|Any CPU
		{EC3DC0CF-540E-4B8E-AAB4-307886D365AE}.Release|x86.ActiveCfg = Release|Any CPU
		{37E77714-87FC-4EF4-A9F3-55523FD4F964}.Debug|Any CPU.ActiveCfg = Debug|Any CPU
		{37E77714-87FC-4EF4-A9F3-55523FD4F964}.Debug|Any CPU.Build.0 = Debug|Any CPU
		{37E77714-87FC-4EF4-A9F3-55523FD4F964}.Debug|x86.ActiveCfg = Debug|Any CPU
		{37E77714-87FC-4EF4-A9F3-55523FD4F964}.Release|Any CPU.ActiveCfg = Release|Any CPU
		{37E77714-87FC-4EF4-A9F3-55523FD4F964}.Release|Any CPU.Build.0 = Release|Any CPU
		{37E77714-87FC-4EF4-A9F3-55523FD4F964}.Release|x86.ActiveCfg = Release|Any CPU
		{E2AF8B39-FC3A-4423-9497-B28A2E14461F}.Debug|Any CPU.ActiveCfg = Debug|Any CPU
		{E2AF8B39-FC3A-4423-9497-B28A2E14461F}.Debug|Any CPU.Build.0 = Debug|Any CPU
		{E2AF8B39-FC3A-4423-9497-B28A2E14461F}.Debug|x86.ActiveCfg = Debug|Any CPU
		{E2AF8B39-FC3A-4423-9497-B28A2E14461F}.Release|Any CPU.ActiveCfg = Release|Any CPU
		{E2AF8B39-FC3A-4423-9497-B28A2E14461F}.Release|Any CPU.Build.0 = Release|Any CPU
		{E2AF8B39-FC3A-4423-9497-B28A2E14461F}.Release|x86.ActiveCfg = Release|Any CPU
		{01F63794-BFBD-48F2-B214-9EA243DA740E}.Debug|Any CPU.ActiveCfg = Debug|Any CPU
		{01F63794-BFBD-48F2-B214-9EA243DA740E}.Debug|Any CPU.Build.0 = Debug|Any CPU
		{01F63794-BFBD-48F2-B214-9EA243DA740E}.Debug|x86.ActiveCfg = Debug|Any CPU
		{01F63794-BFBD-48F2-B214-9EA243DA740E}.Release|Any CPU.ActiveCfg = Release|Any CPU
		{01F63794-BFBD-48F2-B214-9EA243DA740E}.Release|Any CPU.Build.0 = Release|Any CPU
		{01F63794-BFBD-48F2-B214-9EA243DA740E}.Release|x86.ActiveCfg = Release|Any CPU
		{1DF204F4-C604-420E-9B95-3D01FF475AEF}.Debug|Any CPU.ActiveCfg = Debug|Any CPU
		{1DF204F4-C604-420E-9B95-3D01FF475AEF}.Debug|Any CPU.Build.0 = Debug|Any CPU
		{1DF204F4-C604-420E-9B95-3D01FF475AEF}.Debug|x86.ActiveCfg = Debug|Any CPU
		{1DF204F4-C604-420E-9B95-3D01FF475AEF}.Release|Any CPU.ActiveCfg = Release|Any CPU
		{1DF204F4-C604-420E-9B95-3D01FF475AEF}.Release|Any CPU.Build.0 = Release|Any CPU
		{1DF204F4-C604-420E-9B95-3D01FF475AEF}.Release|x86.ActiveCfg = Release|Any CPU
		{3DFAA398-C20A-438B-9164-7AC0A8285537}.Debug|Any CPU.ActiveCfg = Debug|Any CPU
		{3DFAA398-C20A-438B-9164-7AC0A8285537}.Debug|Any CPU.Build.0 = Debug|Any CPU
		{3DFAA398-C20A-438B-9164-7AC0A8285537}.Debug|x86.ActiveCfg = Debug|Any CPU
		{3DFAA398-C20A-438B-9164-7AC0A8285537}.Release|Any CPU.ActiveCfg = Release|Any CPU
		{3DFAA398-C20A-438B-9164-7AC0A8285537}.Release|Any CPU.Build.0 = Release|Any CPU
		{3DFAA398-C20A-438B-9164-7AC0A8285537}.Release|x86.ActiveCfg = Release|Any CPU
		{5676D092-353E-4E33-B097-7EBA5A94A5B1}.Debug|Any CPU.ActiveCfg = Debug|Any CPU
		{5676D092-353E-4E33-B097-7EBA5A94A5B1}.Debug|Any CPU.Build.0 = Debug|Any CPU
		{5676D092-353E-4E33-B097-7EBA5A94A5B1}.Debug|x86.ActiveCfg = Debug|Any CPU
		{5676D092-353E-4E33-B097-7EBA5A94A5B1}.Release|Any CPU.ActiveCfg = Release|Any CPU
		{5676D092-353E-4E33-B097-7EBA5A94A5B1}.Release|Any CPU.Build.0 = Release|Any CPU
		{5676D092-353E-4E33-B097-7EBA5A94A5B1}.Release|x86.ActiveCfg = Release|Any CPU
		{4C4223B9-BEED-48FB-B378-169F4A64A0D7}.Debug|Any CPU.ActiveCfg = Debug|Any CPU
		{4C4223B9-BEED-48FB-B378-169F4A64A0D7}.Debug|Any CPU.Build.0 = Debug|Any CPU
		{4C4223B9-BEED-48FB-B378-169F4A64A0D7}.Debug|x86.ActiveCfg = Debug|Any CPU
		{4C4223B9-BEED-48FB-B378-169F4A64A0D7}.Release|Any CPU.ActiveCfg = Release|Any CPU
		{4C4223B9-BEED-48FB-B378-169F4A64A0D7}.Release|Any CPU.Build.0 = Release|Any CPU
		{4C4223B9-BEED-48FB-B378-169F4A64A0D7}.Release|x86.ActiveCfg = Release|Any CPU
		{61B24B3B-88B3-4709-82A3-D5E2B107CA07}.Debug|Any CPU.ActiveCfg = Debug|Any CPU
		{61B24B3B-88B3-4709-82A3-D5E2B107CA07}.Debug|Any CPU.Build.0 = Debug|Any CPU
		{61B24B3B-88B3-4709-82A3-D5E2B107CA07}.Debug|x86.ActiveCfg = Debug|Any CPU
		{61B24B3B-88B3-4709-82A3-D5E2B107CA07}.Release|Any CPU.ActiveCfg = Release|Any CPU
		{61B24B3B-88B3-4709-82A3-D5E2B107CA07}.Release|Any CPU.Build.0 = Release|Any CPU
		{61B24B3B-88B3-4709-82A3-D5E2B107CA07}.Release|x86.ActiveCfg = Release|Any CPU
		{2388D157-A823-40DB-B340-C5479EA0E678}.Debug|Any CPU.ActiveCfg = Debug|Any CPU
		{2388D157-A823-40DB-B340-C5479EA0E678}.Debug|Any CPU.Build.0 = Debug|Any CPU
		{2388D157-A823-40DB-B340-C5479EA0E678}.Debug|x86.ActiveCfg = Debug|Any CPU
		{2388D157-A823-40DB-B340-C5479EA0E678}.Release|Any CPU.ActiveCfg = Release|Any CPU
		{2388D157-A823-40DB-B340-C5479EA0E678}.Release|Any CPU.Build.0 = Release|Any CPU
		{2388D157-A823-40DB-B340-C5479EA0E678}.Release|x86.ActiveCfg = Release|Any CPU
		{83D9F780-7A7C-4B6F-AE54-3DFACC0F38CF}.Debug|Any CPU.ActiveCfg = Debug|Any CPU
		{83D9F780-7A7C-4B6F-AE54-3DFACC0F38CF}.Debug|Any CPU.Build.0 = Debug|Any CPU
		{83D9F780-7A7C-4B6F-AE54-3DFACC0F38CF}.Debug|x86.ActiveCfg = Debug|Any CPU
		{83D9F780-7A7C-4B6F-AE54-3DFACC0F38CF}.Release|Any CPU.ActiveCfg = Release|Any CPU
		{83D9F780-7A7C-4B6F-AE54-3DFACC0F38CF}.Release|Any CPU.Build.0 = Release|Any CPU
		{83D9F780-7A7C-4B6F-AE54-3DFACC0F38CF}.Release|x86.ActiveCfg = Release|Any CPU
		{360891B5-A9E4-4AD1-9156-0BBEA92A08F3}.Debug|Any CPU.ActiveCfg = Debug|Any CPU
		{360891B5-A9E4-4AD1-9156-0BBEA92A08F3}.Debug|Any CPU.Build.0 = Debug|Any CPU
		{360891B5-A9E4-4AD1-9156-0BBEA92A08F3}.Debug|x86.ActiveCfg = Debug|Any CPU
		{360891B5-A9E4-4AD1-9156-0BBEA92A08F3}.Release|Any CPU.ActiveCfg = Release|Any CPU
		{360891B5-A9E4-4AD1-9156-0BBEA92A08F3}.Release|Any CPU.Build.0 = Release|Any CPU
		{360891B5-A9E4-4AD1-9156-0BBEA92A08F3}.Release|x86.ActiveCfg = Release|Any CPU
		{187B5D42-0D04-49B2-8975-AB3349E75935}.Debug|Any CPU.ActiveCfg = Debug|Any CPU
		{187B5D42-0D04-49B2-8975-AB3349E75935}.Debug|Any CPU.Build.0 = Debug|Any CPU
		{187B5D42-0D04-49B2-8975-AB3349E75935}.Debug|x86.ActiveCfg = Debug|Any CPU
		{187B5D42-0D04-49B2-8975-AB3349E75935}.Release|Any CPU.ActiveCfg = Release|Any CPU
		{187B5D42-0D04-49B2-8975-AB3349E75935}.Release|Any CPU.Build.0 = Release|Any CPU
		{187B5D42-0D04-49B2-8975-AB3349E75935}.Release|x86.ActiveCfg = Release|Any CPU
		{2A7089D9-D495-4705-BFDA-5EDC51B820C5}.Debug|Any CPU.ActiveCfg = Debug|Any CPU
		{2A7089D9-D495-4705-BFDA-5EDC51B820C5}.Debug|Any CPU.Build.0 = Debug|Any CPU
		{2A7089D9-D495-4705-BFDA-5EDC51B820C5}.Debug|x86.ActiveCfg = Debug|Any CPU
		{2A7089D9-D495-4705-BFDA-5EDC51B820C5}.Release|Any CPU.ActiveCfg = Release|Any CPU
		{2A7089D9-D495-4705-BFDA-5EDC51B820C5}.Release|Any CPU.Build.0 = Release|Any CPU
		{2A7089D9-D495-4705-BFDA-5EDC51B820C5}.Release|x86.ActiveCfg = Release|Any CPU
		{B98BBC5A-DCD9-468F-9AAB-53F4AC28406A}.Debug|Any CPU.ActiveCfg = Debug|Any CPU
		{B98BBC5A-DCD9-468F-9AAB-53F4AC28406A}.Debug|Any CPU.Build.0 = Debug|Any CPU
		{B98BBC5A-DCD9-468F-9AAB-53F4AC28406A}.Debug|x86.ActiveCfg = Debug|Any CPU
		{B98BBC5A-DCD9-468F-9AAB-53F4AC28406A}.Release|Any CPU.ActiveCfg = Release|Any CPU
		{B98BBC5A-DCD9-468F-9AAB-53F4AC28406A}.Release|Any CPU.Build.0 = Release|Any CPU
		{B98BBC5A-DCD9-468F-9AAB-53F4AC28406A}.Release|x86.ActiveCfg = Release|Any CPU
		{EBA5A863-9438-4D87-927C-97942EED909F}.Debug|Any CPU.ActiveCfg = Debug|Any CPU
		{EBA5A863-9438-4D87-927C-97942EED909F}.Debug|Any CPU.Build.0 = Debug|Any CPU
		{EBA5A863-9438-4D87-927C-97942EED909F}.Debug|x86.ActiveCfg = Debug|Any CPU
		{EBA5A863-9438-4D87-927C-97942EED909F}.Release|Any CPU.ActiveCfg = Release|Any CPU
		{EBA5A863-9438-4D87-927C-97942EED909F}.Release|Any CPU.Build.0 = Release|Any CPU
		{EBA5A863-9438-4D87-927C-97942EED909F}.Release|x86.ActiveCfg = Release|Any CPU
		{51714ED9-0A0C-4C59-96C2-B916DEE79B22}.Debug|Any CPU.ActiveCfg = Debug|Any CPU
		{51714ED9-0A0C-4C59-96C2-B916DEE79B22}.Debug|Any CPU.Build.0 = Debug|Any CPU
		{51714ED9-0A0C-4C59-96C2-B916DEE79B22}.Debug|x86.ActiveCfg = Debug|Any CPU
		{51714ED9-0A0C-4C59-96C2-B916DEE79B22}.Release|Any CPU.ActiveCfg = Release|Any CPU
		{51714ED9-0A0C-4C59-96C2-B916DEE79B22}.Release|Any CPU.Build.0 = Release|Any CPU
		{51714ED9-0A0C-4C59-96C2-B916DEE79B22}.Release|x86.ActiveCfg = Release|Any CPU
		{EA6CC1AF-831F-4E9F-AF2E-45D77FF95EF0}.Debug|Any CPU.ActiveCfg = Debug|Any CPU
		{EA6CC1AF-831F-4E9F-AF2E-45D77FF95EF0}.Debug|Any CPU.Build.0 = Debug|Any CPU
		{EA6CC1AF-831F-4E9F-AF2E-45D77FF95EF0}.Debug|x86.ActiveCfg = Debug|Any CPU
		{EA6CC1AF-831F-4E9F-AF2E-45D77FF95EF0}.Release|Any CPU.ActiveCfg = Release|Any CPU
		{EA6CC1AF-831F-4E9F-AF2E-45D77FF95EF0}.Release|Any CPU.Build.0 = Release|Any CPU
		{EA6CC1AF-831F-4E9F-AF2E-45D77FF95EF0}.Release|x86.ActiveCfg = Release|Any CPU
		{09B1DF43-6A6A-4432-B161-C3069E9AA2A4}.Debug|Any CPU.ActiveCfg = Debug|Any CPU
		{09B1DF43-6A6A-4432-B161-C3069E9AA2A4}.Debug|Any CPU.Build.0 = Debug|Any CPU
		{09B1DF43-6A6A-4432-B161-C3069E9AA2A4}.Debug|x86.ActiveCfg = Debug|Any CPU
		{09B1DF43-6A6A-4432-B161-C3069E9AA2A4}.Release|Any CPU.ActiveCfg = Release|Any CPU
		{09B1DF43-6A6A-4432-B161-C3069E9AA2A4}.Release|Any CPU.Build.0 = Release|Any CPU
		{09B1DF43-6A6A-4432-B161-C3069E9AA2A4}.Release|x86.ActiveCfg = Release|Any CPU
		{6D66BE27-9E07-463E-AE03-F9E90C3856C6}.Debug|Any CPU.ActiveCfg = Debug|x86
		{6D66BE27-9E07-463E-AE03-F9E90C3856C6}.Debug|x86.ActiveCfg = Debug|x86
		{6D66BE27-9E07-463E-AE03-F9E90C3856C6}.Debug|x86.Build.0 = Debug|x86
		{6D66BE27-9E07-463E-AE03-F9E90C3856C6}.Release|Any CPU.ActiveCfg = Release|x86
		{6D66BE27-9E07-463E-AE03-F9E90C3856C6}.Release|x86.ActiveCfg = Release|x86
		{6D66BE27-9E07-463E-AE03-F9E90C3856C6}.Release|x86.Build.0 = Release|x86
		{EC3B8682-249B-4005-8780-F023561968ED}.Debug|Any CPU.ActiveCfg = Debug|x86
		{EC3B8682-249B-4005-8780-F023561968ED}.Debug|x86.ActiveCfg = Debug|x86
		{EC3B8682-249B-4005-8780-F023561968ED}.Debug|x86.Build.0 = Debug|x86
		{EC3B8682-249B-4005-8780-F023561968ED}.Release|Any CPU.ActiveCfg = Release|x86
		{EC3B8682-249B-4005-8780-F023561968ED}.Release|x86.ActiveCfg = Release|x86
		{EC3B8682-249B-4005-8780-F023561968ED}.Release|x86.Build.0 = Release|x86
		{A9A07B67-2DA6-4B7A-ABD1-58791754C5DC}.Debug|Any CPU.ActiveCfg = Debug|Any CPU
		{A9A07B67-2DA6-4B7A-ABD1-58791754C5DC}.Debug|Any CPU.Build.0 = Debug|Any CPU
		{A9A07B67-2DA6-4B7A-ABD1-58791754C5DC}.Debug|x86.ActiveCfg = Debug|Any CPU
		{A9A07B67-2DA6-4B7A-ABD1-58791754C5DC}.Debug|x86.Build.0 = Debug|Any CPU
		{A9A07B67-2DA6-4B7A-ABD1-58791754C5DC}.Release|Any CPU.ActiveCfg = Release|Any CPU
		{A9A07B67-2DA6-4B7A-ABD1-58791754C5DC}.Release|Any CPU.Build.0 = Release|Any CPU
		{A9A07B67-2DA6-4B7A-ABD1-58791754C5DC}.Release|x86.ActiveCfg = Release|Any CPU
		{A9A07B67-2DA6-4B7A-ABD1-58791754C5DC}.Release|x86.Build.0 = Release|Any CPU
		{5FDF09EC-8C26-4C5A-8CE9-5FE58891FA08}.Debug|Any CPU.ActiveCfg = Debug|Any CPU
		{5FDF09EC-8C26-4C5A-8CE9-5FE58891FA08}.Debug|Any CPU.Build.0 = Debug|Any CPU
		{5FDF09EC-8C26-4C5A-8CE9-5FE58891FA08}.Debug|x86.ActiveCfg = Debug|Any CPU
		{5FDF09EC-8C26-4C5A-8CE9-5FE58891FA08}.Debug|x86.Build.0 = Debug|Any CPU
		{5FDF09EC-8C26-4C5A-8CE9-5FE58891FA08}.Release|Any CPU.ActiveCfg = Release|Any CPU
		{5FDF09EC-8C26-4C5A-8CE9-5FE58891FA08}.Release|Any CPU.Build.0 = Release|Any CPU
		{5FDF09EC-8C26-4C5A-8CE9-5FE58891FA08}.Release|x86.ActiveCfg = Release|Any CPU
		{5FDF09EC-8C26-4C5A-8CE9-5FE58891FA08}.Release|x86.Build.0 = Release|Any CPU
		{A6AF0D01-1119-4DAF-A79E-BED76D72C176}.Debug|Any CPU.ActiveCfg = Debug|Any CPU
		{A6AF0D01-1119-4DAF-A79E-BED76D72C176}.Debug|Any CPU.Build.0 = Debug|Any CPU
		{A6AF0D01-1119-4DAF-A79E-BED76D72C176}.Debug|x86.ActiveCfg = Debug|Any CPU
		{A6AF0D01-1119-4DAF-A79E-BED76D72C176}.Debug|x86.Build.0 = Debug|Any CPU
		{A6AF0D01-1119-4DAF-A79E-BED76D72C176}.Release|Any CPU.ActiveCfg = Release|Any CPU
		{A6AF0D01-1119-4DAF-A79E-BED76D72C176}.Release|Any CPU.Build.0 = Release|Any CPU
		{A6AF0D01-1119-4DAF-A79E-BED76D72C176}.Release|x86.ActiveCfg = Release|Any CPU
		{A6AF0D01-1119-4DAF-A79E-BED76D72C176}.Release|x86.Build.0 = Release|Any CPU
		{7AECC88C-8898-4DD2-912D-65CFB9159149}.Debug|Any CPU.ActiveCfg = Debug|Any CPU
		{7AECC88C-8898-4DD2-912D-65CFB9159149}.Debug|Any CPU.Build.0 = Debug|Any CPU
		{7AECC88C-8898-4DD2-912D-65CFB9159149}.Debug|x86.ActiveCfg = Debug|Any CPU
		{7AECC88C-8898-4DD2-912D-65CFB9159149}.Debug|x86.Build.0 = Debug|Any CPU
		{7AECC88C-8898-4DD2-912D-65CFB9159149}.Release|Any CPU.ActiveCfg = Release|Any CPU
		{7AECC88C-8898-4DD2-912D-65CFB9159149}.Release|Any CPU.Build.0 = Release|Any CPU
		{7AECC88C-8898-4DD2-912D-65CFB9159149}.Release|x86.ActiveCfg = Release|Any CPU
		{7AECC88C-8898-4DD2-912D-65CFB9159149}.Release|x86.Build.0 = Release|Any CPU
		{316624E0-4F4C-4643-BC3F-93617DDD2E11}.Debug|Any CPU.ActiveCfg = Debug|Any CPU
		{316624E0-4F4C-4643-BC3F-93617DDD2E11}.Debug|Any CPU.Build.0 = Debug|Any CPU
		{316624E0-4F4C-4643-BC3F-93617DDD2E11}.Debug|x86.ActiveCfg = Debug|Any CPU
		{316624E0-4F4C-4643-BC3F-93617DDD2E11}.Debug|x86.Build.0 = Debug|Any CPU
		{316624E0-4F4C-4643-BC3F-93617DDD2E11}.Release|Any CPU.ActiveCfg = Release|Any CPU
		{316624E0-4F4C-4643-BC3F-93617DDD2E11}.Release|Any CPU.Build.0 = Release|Any CPU
		{316624E0-4F4C-4643-BC3F-93617DDD2E11}.Release|x86.ActiveCfg = Release|Any CPU
		{316624E0-4F4C-4643-BC3F-93617DDD2E11}.Release|x86.Build.0 = Release|Any CPU
		{62B5DF35-2850-4F32-9F65-275269212F3F}.Debug|Any CPU.ActiveCfg = Debug|Any CPU
		{62B5DF35-2850-4F32-9F65-275269212F3F}.Debug|Any CPU.Build.0 = Debug|Any CPU
		{62B5DF35-2850-4F32-9F65-275269212F3F}.Debug|x86.ActiveCfg = Debug|Any CPU
		{62B5DF35-2850-4F32-9F65-275269212F3F}.Debug|x86.Build.0 = Debug|Any CPU
		{62B5DF35-2850-4F32-9F65-275269212F3F}.Release|Any CPU.ActiveCfg = Release|Any CPU
		{62B5DF35-2850-4F32-9F65-275269212F3F}.Release|Any CPU.Build.0 = Release|Any CPU
		{62B5DF35-2850-4F32-9F65-275269212F3F}.Release|x86.ActiveCfg = Release|Any CPU
		{62B5DF35-2850-4F32-9F65-275269212F3F}.Release|x86.Build.0 = Release|Any CPU
		{A9F15D3F-F7DE-4D5D-92BA-6FF1750A9D6F}.Debug|Any CPU.ActiveCfg = Debug|Any CPU
		{A9F15D3F-F7DE-4D5D-92BA-6FF1750A9D6F}.Debug|Any CPU.Build.0 = Debug|Any CPU
		{A9F15D3F-F7DE-4D5D-92BA-6FF1750A9D6F}.Debug|x86.ActiveCfg = Debug|Any CPU
		{A9F15D3F-F7DE-4D5D-92BA-6FF1750A9D6F}.Debug|x86.Build.0 = Debug|Any CPU
		{A9F15D3F-F7DE-4D5D-92BA-6FF1750A9D6F}.Release|Any CPU.ActiveCfg = Release|Any CPU
		{A9F15D3F-F7DE-4D5D-92BA-6FF1750A9D6F}.Release|Any CPU.Build.0 = Release|Any CPU
		{A9F15D3F-F7DE-4D5D-92BA-6FF1750A9D6F}.Release|x86.ActiveCfg = Release|Any CPU
		{A9F15D3F-F7DE-4D5D-92BA-6FF1750A9D6F}.Release|x86.Build.0 = Release|Any CPU
		{BEA70D87-4FA5-44B0-AE2E-DACA9F64D976}.Debug|Any CPU.ActiveCfg = Debug|x86
		{BEA70D87-4FA5-44B0-AE2E-DACA9F64D976}.Debug|x86.ActiveCfg = Debug|x86
		{BEA70D87-4FA5-44B0-AE2E-DACA9F64D976}.Debug|x86.Build.0 = Debug|x86
		{BEA70D87-4FA5-44B0-AE2E-DACA9F64D976}.Release|Any CPU.ActiveCfg = Release|x86
		{BEA70D87-4FA5-44B0-AE2E-DACA9F64D976}.Release|x86.ActiveCfg = Release|x86
		{BEA70D87-4FA5-44B0-AE2E-DACA9F64D976}.Release|x86.Build.0 = Release|x86
		{978F333B-0FCB-4B61-99AD-DB030A52DF30}.Debug|Any CPU.ActiveCfg = Debug|Any CPU
		{978F333B-0FCB-4B61-99AD-DB030A52DF30}.Debug|Any CPU.Build.0 = Debug|Any CPU
		{978F333B-0FCB-4B61-99AD-DB030A52DF30}.Debug|x86.ActiveCfg = Debug|Any CPU
		{978F333B-0FCB-4B61-99AD-DB030A52DF30}.Debug|x86.Build.0 = Debug|Any CPU
		{978F333B-0FCB-4B61-99AD-DB030A52DF30}.Release|Any CPU.ActiveCfg = Release|Any CPU
		{978F333B-0FCB-4B61-99AD-DB030A52DF30}.Release|Any CPU.Build.0 = Release|Any CPU
		{978F333B-0FCB-4B61-99AD-DB030A52DF30}.Release|x86.ActiveCfg = Release|Any CPU
		{978F333B-0FCB-4B61-99AD-DB030A52DF30}.Release|x86.Build.0 = Release|Any CPU
		{2F5C3B02-D18F-4E64-BAA7-BE86C44126AE}.Debug|Any CPU.ActiveCfg = Debug|Any CPU
		{2F5C3B02-D18F-4E64-BAA7-BE86C44126AE}.Debug|Any CPU.Build.0 = Debug|Any CPU
		{2F5C3B02-D18F-4E64-BAA7-BE86C44126AE}.Debug|x86.ActiveCfg = Debug|Any CPU
		{2F5C3B02-D18F-4E64-BAA7-BE86C44126AE}.Debug|x86.Build.0 = Debug|Any CPU
		{2F5C3B02-D18F-4E64-BAA7-BE86C44126AE}.Release|Any CPU.ActiveCfg = Release|Any CPU
		{2F5C3B02-D18F-4E64-BAA7-BE86C44126AE}.Release|Any CPU.Build.0 = Release|Any CPU
		{2F5C3B02-D18F-4E64-BAA7-BE86C44126AE}.Release|x86.ActiveCfg = Release|Any CPU
		{2F5C3B02-D18F-4E64-BAA7-BE86C44126AE}.Release|x86.Build.0 = Release|Any CPU
		{C8B71796-36A1-4514-99A2-EA684186774B}.Debug|Any CPU.ActiveCfg = Debug|Any CPU
		{C8B71796-36A1-4514-99A2-EA684186774B}.Debug|Any CPU.Build.0 = Debug|Any CPU
		{C8B71796-36A1-4514-99A2-EA684186774B}.Debug|x86.ActiveCfg = Debug|Any CPU
		{C8B71796-36A1-4514-99A2-EA684186774B}.Debug|x86.Build.0 = Debug|Any CPU
		{C8B71796-36A1-4514-99A2-EA684186774B}.Release|Any CPU.ActiveCfg = Release|Any CPU
		{C8B71796-36A1-4514-99A2-EA684186774B}.Release|Any CPU.Build.0 = Release|Any CPU
		{C8B71796-36A1-4514-99A2-EA684186774B}.Release|x86.ActiveCfg = Release|Any CPU
		{C8B71796-36A1-4514-99A2-EA684186774B}.Release|x86.Build.0 = Release|Any CPU
	EndGlobalSection
	GlobalSection(SolutionProperties) = preSolution
		HideSolutionNode = FALSE
	EndGlobalSection
EndGlobal
